
Microsoft Visual Studio Solution File, Format Version 12.00
# Visual Studio Version 17
VisualStudioVersion = 17.13.35913.81 d17.13
MinimumVisualStudioVersion = 10.0.40219.1
Project("{FAE04EC0-301F-11D3-BF4B-00C04F79EFBC}") = "securevotngsystem", "securevotngsystem\securevotngsystem.csproj", "{BD7B5A12-1991-4BD8-B336-1F8078CF2105}"
EndProject
Global
	GlobalSection(SolutionConfigurationPlatforms) = preSolution
		Debug|Any CPU = Debug|Any CPU
		Release|Any CPU = Release|Any CPU
	EndGlobalSection
	GlobalSection(ProjectConfigurationPlatforms) = postSolution
		{BD7B5A12-1991-4BD8-B336-1F8078CF2105}.Debug|Any CPU.ActiveCfg = Debug|Any CPU
		{BD7B5A12-1991-4BD8-B336-1F8078CF2105}.Debug|Any CPU.Build.0 = Debug|Any CPU
		{BD7B5A12-1991-4BD8-B336-1F8078CF2105}.Release|Any CPU.ActiveCfg = Release|Any CPU
		{BD7B5A12-1991-4BD8-B336-1F8078CF2105}.Release|Any CPU.Build.0 = Release|Any CPU
	EndGlobalSection
	GlobalSection(SolutionProperties) = preSolution
		HideSolutionNode = FALSE
	EndGlobalSection
	GlobalSection(ExtensibilityGlobals) = postSolution
		SolutionGuid = {94EEC607-C6E2-494A-8FBF-211AED533A8B}
	EndGlobalSection
EndGlobal
